
Microsoft Visual Studio Solution File, Format Version 11.00
# Visual Studio 2010
Project("{2150E333-8FDC-42A3-9474-1A3956D46DE8}") = ".nuget", ".nuget", "{9936702B-7DE5-439F-8532-C701D9B82D9E}"
	ProjectSection(SolutionItems) = preProject
		.nuget\packages.config = .nuget\packages.config
	EndProjectSection
EndProject
Project("{F2A71F9B-5D33-465A-A702-920D77279786}") = "Snippets", "Snippets\Snippets.fsproj", "{ABA6E4E6-50F6-4D09-9389-0F8A9841B151}"
EndProject
Global
	GlobalSection(SolutionConfigurationPlatforms) = preSolution
		Debug|Any CPU = Debug|Any CPU
		Release|Any CPU = Release|Any CPU
	EndGlobalSection
	GlobalSection(ProjectConfigurationPlatforms) = postSolution
		{ABA6E4E6-50F6-4D09-9389-0F8A9841B151}.Debug|Any CPU.ActiveCfg = Debug|Any CPU
		{ABA6E4E6-50F6-4D09-9389-0F8A9841B151}.Debug|Any CPU.Build.0 = Debug|Any CPU
		{ABA6E4E6-50F6-4D09-9389-0F8A9841B151}.Release|Any CPU.ActiveCfg = Release|Any CPU
		{ABA6E4E6-50F6-4D09-9389-0F8A9841B151}.Release|Any CPU.Build.0 = Release|Any CPU
	EndGlobalSection
	GlobalSection(SolutionProperties) = preSolution
		HideSolutionNode = FALSE
	EndGlobalSection
EndGlobal
