
Microsoft Visual Studio Solution File, Format Version 11.00
# Visual Studio 2010
Project("{F2A71F9B-5D33-465A-A702-920D77279786}") = "Library1", "Library1\Library1.fsproj", "{0CC991C6-D9D2-4836-9695-8A3E590FA42C}"
EndProject
Global
	GlobalSection(SolutionConfigurationPlatforms) = preSolution
		Debug|Any CPU = Debug|Any CPU
		Release|Any CPU = Release|Any CPU
	EndGlobalSection
	GlobalSection(ProjectConfigurationPlatforms) = postSolution
		{0CC991C6-D9D2-4836-9695-8A3E590FA42C}.Debug|Any CPU.ActiveCfg = Debug|Any CPU
		{0CC991C6-D9D2-4836-9695-8A3E590FA42C}.Debug|Any CPU.Build.0 = Debug|Any CPU
		{0CC991C6-D9D2-4836-9695-8A3E590FA42C}.Release|Any CPU.ActiveCfg = Release|Any CPU
		{0CC991C6-D9D2-4836-9695-8A3E590FA42C}.Release|Any CPU.Build.0 = Release|Any CPU
	EndGlobalSection
	GlobalSection(SolutionProperties) = preSolution
		HideSolutionNode = FALSE
	EndGlobalSection
EndGlobal
